
Microsoft Visual Studio Solution File, Format Version 12.00
# Visual Studio 15
VisualStudioVersion = 15.0.28010.2046
MinimumVisualStudioVersion = 10.0.40219.1
Project("{FAE04EC0-301F-11D3-BF4B-00C04F79EFBC}") = "demo.Server", "demo.Server\demo.Server.csproj", "{21CA1433-7DDC-41B0-8226-F5FD578EE529}"
EndProject
Project("{FAE04EC0-301F-11D3-BF4B-00C04F79EFBC}") = "demo.App", "demo.App\demo.App.csproj", "{B1E0C6E6-9236-43F9-9DB0-56EAD0AF869F}"
EndProject
Global
	GlobalSection(SolutionConfigurationPlatforms) = preSolution
		Debug|Any CPU = Debug|Any CPU
		Release|Any CPU = Release|Any CPU
	EndGlobalSection
	GlobalSection(ProjectConfigurationPlatforms) = postSolution
		{21CA1433-7DDC-41B0-8226-F5FD578EE529}.Debug|Any CPU.ActiveCfg = Debug|Any CPU
		{21CA1433-7DDC-41B0-8226-F5FD578EE529}.Debug|Any CPU.Build.0 = Debug|Any CPU
		{21CA1433-7DDC-41B0-8226-F5FD578EE529}.Release|Any CPU.ActiveCfg = Release|Any CPU
		{21CA1433-7DDC-41B0-8226-F5FD578EE529}.Release|Any CPU.Build.0 = Release|Any CPU
		{B1E0C6E6-9236-43F9-9DB0-56EAD0AF869F}.Debug|Any CPU.ActiveCfg = Debug|Any CPU
		{B1E0C6E6-9236-43F9-9DB0-56EAD0AF869F}.Debug|Any CPU.Build.0 = Debug|Any CPU
		{B1E0C6E6-9236-43F9-9DB0-56EAD0AF869F}.Release|Any CPU.ActiveCfg = Release|Any CPU
		{B1E0C6E6-9236-43F9-9DB0-56EAD0AF869F}.Release|Any CPU.Build.0 = Release|Any CPU
	EndGlobalSection
	GlobalSection(SolutionProperties) = preSolution
		HideSolutionNode = FALSE
	EndGlobalSection
	GlobalSection(ExtensibilityGlobals) = postSolution
		SolutionGuid = {795B1072-6728-49DC-84B9-62D1C52F68B8}
	EndGlobalSection
EndGlobal
